
Microsoft Visual Studio Solution File, Format Version 12.00
# Visual Studio Version 17
VisualStudioVersion = 17.13.36105.23 d17.13
MinimumVisualStudioVersion = 10.0.40219.1
Project("{FAE04EC0-301F-11D3-BF4B-00C04F79EFBC}") = "bGUI", "bGUI.csproj", "{D4A7A9CF-6405-427E-A5FF-E11CC5A39AC6}"
EndProject
Global
	GlobalSection(SolutionConfigurationPlatforms) = preSolution
		Debug|Any CPU = Debug|Any CPU
		Release|Any CPU = Release|Any CPU
	EndGlobalSection
	GlobalSection(ProjectConfigurationPlatforms) = postSolution
		{D4A7A9CF-6405-427E-A5FF-E11CC5A39AC6}.Debug|Any CPU.ActiveCfg = Debug|Any CPU
		{D4A7A9CF-6405-427E-A5FF-E11CC5A39AC6}.Debug|Any CPU.Build.0 = Debug|Any CPU
		{D4A7A9CF-6405-427E-A5FF-E11CC5A39AC6}.Release|Any CPU.ActiveCfg = Release|Any CPU
		{D4A7A9CF-6405-427E-A5FF-E11CC5A39AC6}.Release|Any CPU.Build.0 = Release|Any CPU
	EndGlobalSection
	GlobalSection(SolutionProperties) = preSolution
		HideSolutionNode = FALSE
	EndGlobalSection
	GlobalSection(ExtensibilityGlobals) = postSolution
		SolutionGuid = {F4A18677-1859-4B02-9D56-595CE2558E1D}
	EndGlobalSection
EndGlobal
